// !$*UTF8*$!
{
	archiveVersion = 1;
	classes = {
	};
	objectVersion = 55;
	objects = {

/* Begin PBXBuildFile section */
		BC3F27CA27B8F9DA00FDA59B /* NewsApp.swift in Sources */ = {isa = PBXBuildFile; fileRef = BC3F27C927B8F9DA00FDA59B /* NewsApp.swift */; };
		BC3F27CC27B8F9DA00FDA59B /* ContentView.swift in Sources */ = {isa = PBXBuildFile; fileRef = BC3F27CB27B8F9DA00FDA59B /* ContentView.swift */; };
		BC3F27CE27B8F9DB00FDA59B /* Assets.xcassets in Resources */ = {isa = PBXBuildFile; fileRef = BC3F27CD27B8F9DB00FDA59B /* Assets.xcassets */; };
		BC3F27D127B8F9DB00FDA59B /* Preview Assets.xcassets in Resources */ = {isa = PBXBuildFile; fileRef = BC3F27D027B8F9DB00FDA59B /* Preview Assets.xcassets */; };
		BC3F27DB27B8F9DB00FDA59B /* NewsTests.swift in Sources */ = {isa = PBXBuildFile; fileRef = BC3F27DA27B8F9DB00FDA59B /* NewsTests.swift */; };
		BC3F27E527B8F9DB00FDA59B /* NewsUITests.swift in Sources */ = {isa = PBXBuildFile; fileRef = BC3F27E427B8F9DB00FDA59B /* NewsUITests.swift */; };
		BC3F27E727B8F9DB00FDA59B /* NewsUITestsLaunchTests.swift in Sources */ = {isa = PBXBuildFile; fileRef = BC3F27E627B8F9DB00FDA59B /* NewsUITestsLaunchTests.swift */; };
		BC3F27F527B8FB5800FDA59B /* ArticleListView.swift in Sources */ = {isa = PBXBuildFile; fileRef = BC3F27F427B8FB5800FDA59B /* ArticleListView.swift */; };
		BC3F27F827B8FB8800FDA59B /* Article.swift in Sources */ = {isa = PBXBuildFile; fileRef = BC3F27F727B8FB8800FDA59B /* Article.swift */; };
		BC3F27FA27B9004100FDA59B /* NewsResponse.swift in Sources */ = {isa = PBXBuildFile; fileRef = BC3F27F927B9004100FDA59B /* NewsResponse.swift */; };
		BC3F27FC27B9056100FDA59B /* DataStore.swift in Sources */ = {isa = PBXBuildFile; fileRef = BC3F27FB27B9056100FDA59B /* DataStore.swift */; };
		BC3F27FE27B9061900FDA59B /* Category.swift in Sources */ = {isa = PBXBuildFile; fileRef = BC3F27FD27B9061900FDA59B /* Category.swift */; };
		BC3F280227B9072B00FDA59B /* NewsAPI.swift in Sources */ = {isa = PBXBuildFile; fileRef = BC3F280127B9072B00FDA59B /* NewsAPI.swift */; };
		BC3F280527B9096000FDA59B /* ArticleBookMarkViewModel.swift in Sources */ = {isa = PBXBuildFile; fileRef = BC3F280427B9096000FDA59B /* ArticleBookMarkViewModel.swift */; };
		BC3F280727B909A800FDA59B /* ArticleNewsViewModel.swift in Sources */ = {isa = PBXBuildFile; fileRef = BC3F280627B909A800FDA59B /* ArticleNewsViewModel.swift */; };
		BC3F280927B909E400FDA59B /* ArticleSearchViewModel.swift in Sources */ = {isa = PBXBuildFile; fileRef = BC3F280827B909E400FDA59B /* ArticleSearchViewModel.swift */; };
		BC3F280D27B90BAC00FDA59B /* news.json in Resources */ = {isa = PBXBuildFile; fileRef = BC3F280C27B90BAC00FDA59B /* news.json */; };
		BC3F280F27B90BE900FDA59B /* ArticleRowView.swift in Sources */ = {isa = PBXBuildFile; fileRef = BC3F280E27B90BE900FDA59B /* ArticleRowView.swift */; };
		BC3F281127B90EA900FDA59B /* BookmarkTabView.swift in Sources */ = {isa = PBXBuildFile; fileRef = BC3F281027B90EA900FDA59B /* BookmarkTabView.swift */; };
		BC3F281327B90EC800FDA59B /* EmptyPlaceholderView.swift in Sources */ = {isa = PBXBuildFile; fileRef = BC3F281227B90EC800FDA59B /* EmptyPlaceholderView.swift */; };
		BC3F281627B90EE600FDA59B /* NewsTabView.swift in Sources */ = {isa = PBXBuildFile; fileRef = BC3F281527B90EE600FDA59B /* NewsTabView.swift */; };
		BC3F281827B90F0A00FDA59B /* RetryView.swift in Sources */ = {isa = PBXBuildFile; fileRef = BC3F281727B90F0A00FDA59B /* RetryView.swift */; };
		BC3F281A27B90FEC00FDA59B /* SearchHistoryListView.swift in Sources */ = {isa = PBXBuildFile; fileRef = BC3F281927B90FEC00FDA59B /* SearchHistoryListView.swift */; };
		BC3F281C27B9100A00FDA59B /* SearchTabView.swift in Sources */ = {isa = PBXBuildFile; fileRef = BC3F281B27B9100A00FDA59B /* SearchTabView.swift */; };
/* End PBXBuildFile section */

/* Begin PBXContainerItemProxy section */
		BC3F27D727B8F9DB00FDA59B /* PBXContainerItemProxy */ = {
			isa = PBXContainerItemProxy;
			containerPortal = BC3F27BE27B8F9DA00FDA59B /* Project object */;
			proxyType = 1;
			remoteGlobalIDString = BC3F27C527B8F9DA00FDA59B;
			remoteInfo = News;
		};
		BC3F27E127B8F9DB00FDA59B /* PBXContainerItemProxy */ = {
			isa = PBXContainerItemProxy;
			containerPortal = BC3F27BE27B8F9DA00FDA59B /* Project object */;
			proxyType = 1;
			remoteGlobalIDString = BC3F27C527B8F9DA00FDA59B;
			remoteInfo = News;
		};
/* End PBXContainerItemProxy section */

/* Begin PBXFileReference section */
		BC3F27C627B8F9DA00FDA59B /* News.app */ = {isa = PBXFileReference; explicitFileType = wrapper.application; includeInIndex = 0; path = News.app; sourceTree = BUILT_PRODUCTS_DIR; };
		BC3F27C927B8F9DA00FDA59B /* NewsApp.swift */ = {isa = PBXFileReference; lastKnownFileType = sourcecode.swift; path = NewsApp.swift; sourceTree = "<group>"; };
		BC3F27CB27B8F9DA00FDA59B /* ContentView.swift */ = {isa = PBXFileReference; lastKnownFileType = sourcecode.swift; path = ContentView.swift; sourceTree = "<group>"; };
		BC3F27CD27B8F9DB00FDA59B /* Assets.xcassets */ = {isa = PBXFileReference; lastKnownFileType = folder.assetcatalog; path = Assets.xcassets; sourceTree = "<group>"; };
		BC3F27D027B8F9DB00FDA59B /* Preview Assets.xcassets */ = {isa = PBXFileReference; lastKnownFileType = folder.assetcatalog; path = "Preview Assets.xcassets"; sourceTree = "<group>"; };
		BC3F27D627B8F9DB00FDA59B /* NewsTests.xctest */ = {isa = PBXFileReference; explicitFileType = wrapper.cfbundle; includeInIndex = 0; path = NewsTests.xctest; sourceTree = BUILT_PRODUCTS_DIR; };
		BC3F27DA27B8F9DB00FDA59B /* NewsTests.swift */ = {isa = PBXFileReference; lastKnownFileType = sourcecode.swift; path = NewsTests.swift; sourceTree = "<group>"; };
		BC3F27E027B8F9DB00FDA59B /* NewsUITests.xctest */ = {isa = PBXFileReference; explicitFileType = wrapper.cfbundle; includeInIndex = 0; path = NewsUITests.xctest; sourceTree = BUILT_PRODUCTS_DIR; };
		BC3F27E427B8F9DB00FDA59B /* NewsUITests.swift */ = {isa = PBXFileReference; lastKnownFileType = sourcecode.swift; path = NewsUITests.swift; sourceTree = "<group>"; };
		BC3F27E627B8F9DB00FDA59B /* NewsUITestsLaunchTests.swift */ = {isa = PBXFileReference; lastKnownFileType = sourcecode.swift; path = NewsUITestsLaunchTests.swift; sourceTree = "<group>"; };
		BC3F27F427B8FB5800FDA59B /* ArticleListView.swift */ = {isa = PBXFileReference; lastKnownFileType = sourcecode.swift; path = ArticleListView.swift; sourceTree = "<group>"; };
		BC3F27F727B8FB8800FDA59B /* Article.swift */ = {isa = PBXFileReference; lastKnownFileType = sourcecode.swift; path = Article.swift; sourceTree = "<group>"; };
		BC3F27F927B9004100FDA59B /* NewsResponse.swift */ = {isa = PBXFileReference; lastKnownFileType = sourcecode.swift; path = NewsResponse.swift; sourceTree = "<group>"; };
		BC3F27FB27B9056100FDA59B /* DataStore.swift */ = {isa = PBXFileReference; lastKnownFileType = sourcecode.swift; path = DataStore.swift; sourceTree = "<group>"; };
		BC3F27FD27B9061900FDA59B /* Category.swift */ = {isa = PBXFileReference; lastKnownFileType = sourcecode.swift; path = Category.swift; sourceTree = "<group>"; };
		BC3F280127B9072B00FDA59B /* NewsAPI.swift */ = {isa = PBXFileReference; lastKnownFileType = sourcecode.swift; path = NewsAPI.swift; sourceTree = "<group>"; };
		BC3F280427B9096000FDA59B /* ArticleBookMarkViewModel.swift */ = {isa = PBXFileReference; lastKnownFileType = sourcecode.swift; path = ArticleBookMarkViewModel.swift; sourceTree = "<group>"; };
		BC3F280627B909A800FDA59B /* ArticleNewsViewModel.swift */ = {isa = PBXFileReference; lastKnownFileType = sourcecode.swift; path = ArticleNewsViewModel.swift; sourceTree = "<group>"; };
		BC3F280827B909E400FDA59B /* ArticleSearchViewModel.swift */ = {isa = PBXFileReference; lastKnownFileType = sourcecode.swift; path = ArticleSearchViewModel.swift; sourceTree = "<group>"; };
		BC3F280C27B90BAC00FDA59B /* news.json */ = {isa = PBXFileReference; lastKnownFileType = text.json; path = news.json; sourceTree = "<group>"; };
		BC3F280E27B90BE900FDA59B /* ArticleRowView.swift */ = {isa = PBXFileReference; lastKnownFileType = sourcecode.swift; path = ArticleRowView.swift; sourceTree = "<group>"; };
		BC3F281027B90EA900FDA59B /* BookmarkTabView.swift */ = {isa = PBXFileReference; lastKnownFileType = sourcecode.swift; path = BookmarkTabView.swift; sourceTree = "<group>"; };
		BC3F281227B90EC800FDA59B /* EmptyPlaceholderView.swift */ = {isa = PBXFileReference; lastKnownFileType = sourcecode.swift; path = EmptyPlaceholderView.swift; sourceTree = "<group>"; };
		BC3F281527B90EE600FDA59B /* NewsTabView.swift */ = {isa = PBXFileReference; lastKnownFileType = sourcecode.swift; path = NewsTabView.swift; sourceTree = "<group>"; };
		BC3F281727B90F0A00FDA59B /* RetryView.swift */ = {isa = PBXFileReference; lastKnownFileType = sourcecode.swift; path = RetryView.swift; sourceTree = "<group>"; };
		BC3F281927B90FEC00FDA59B /* SearchHistoryListView.swift */ = {isa = PBXFileReference; lastKnownFileType = sourcecode.swift; path = SearchHistoryListView.swift; sourceTree = "<group>"; };
		BC3F281B27B9100A00FDA59B /* SearchTabView.swift */ = {isa = PBXFileReference; lastKnownFileType = sourcecode.swift; path = SearchTabView.swift; sourceTree = "<group>"; };
/* End PBXFileReference section */

/* Begin PBXFrameworksBuildPhase section */
		BC3F27C327B8F9DA00FDA59B /* Frameworks */ = {
			isa = PBXFrameworksBuildPhase;
			buildActionMask = 2147483647;
			files = (
			);
			runOnlyForDeploymentPostprocessing = 0;
		};
		BC3F27D327B8F9DB00FDA59B /* Frameworks */ = {
			isa = PBXFrameworksBuildPhase;
			buildActionMask = 2147483647;
			files = (
			);
			runOnlyForDeploymentPostprocessing = 0;
		};
		BC3F27DD27B8F9DB00FDA59B /* Frameworks */ = {
			isa = PBXFrameworksBuildPhase;
			buildActionMask = 2147483647;
			files = (
			);
			runOnlyForDeploymentPostprocessing = 0;
		};
/* End PBXFrameworksBuildPhase section */

/* Begin PBXGroup section */
		BC3F27BD27B8F9DA00FDA59B = {
			isa = PBXGroup;
			children = (
				BC3F27C827B8F9DA00FDA59B /* News */,
				BC3F27D927B8F9DB00FDA59B /* NewsTests */,
				BC3F27E327B8F9DB00FDA59B /* NewsUITests */,
				BC3F27C727B8F9DA00FDA59B /* Products */,
			);
			sourceTree = "<group>";
		};
		BC3F27C727B8F9DA00FDA59B /* Products */ = {
			isa = PBXGroup;
			children = (
				BC3F27C627B8F9DA00FDA59B /* News.app */,
				BC3F27D627B8F9DB00FDA59B /* NewsTests.xctest */,
				BC3F27E027B8F9DB00FDA59B /* NewsUITests.xctest */,
			);
			name = Products;
			sourceTree = "<group>";
		};
		BC3F27C827B8F9DA00FDA59B /* News */ = {
			isa = PBXGroup;
			children = (
				BC3F280327B9094B00FDA59B /* ViewModel */,
				BC3F27FF27B9071200FDA59B /* API */,
				BC3F27F627B8FB7A00FDA59B /* Model */,
				BC3F27F327B8FB2900FDA59B /* View */,
				BC3F27C927B8F9DA00FDA59B /* NewsApp.swift */,
				BC3F27CB27B8F9DA00FDA59B /* ContentView.swift */,
				BC3F27CD27B8F9DB00FDA59B /* Assets.xcassets */,
				BC3F27CF27B8F9DB00FDA59B /* Preview Content */,
				BC3F280C27B90BAC00FDA59B /* news.json */,
			);
			path = News;
			sourceTree = "<group>";
		};
		BC3F27CF27B8F9DB00FDA59B /* Preview Content */ = {
			isa = PBXGroup;
			children = (
				BC3F27D027B8F9DB00FDA59B /* Preview Assets.xcassets */,
			);
			path = "Preview Content";
			sourceTree = "<group>";
		};
		BC3F27D927B8F9DB00FDA59B /* NewsTests */ = {
			isa = PBXGroup;
			children = (
				BC3F27DA27B8F9DB00FDA59B /* NewsTests.swift */,
			);
			path = NewsTests;
			sourceTree = "<group>";
		};
		BC3F27E327B8F9DB00FDA59B /* NewsUITests */ = {
			isa = PBXGroup;
			children = (
				BC3F27E427B8F9DB00FDA59B /* NewsUITests.swift */,
				BC3F27E627B8F9DB00FDA59B /* NewsUITestsLaunchTests.swift */,
			);
			path = NewsUITests;
			sourceTree = "<group>";
		};
		BC3F27F327B8FB2900FDA59B /* View */ = {
			isa = PBXGroup;
			children = (
				BC3F27F427B8FB5800FDA59B /* ArticleListView.swift */,
				BC3F280E27B90BE900FDA59B /* ArticleRowView.swift */,
				BC3F281027B90EA900FDA59B /* BookmarkTabView.swift */,
				BC3F281227B90EC800FDA59B /* EmptyPlaceholderView.swift */,
				BC3F281527B90EE600FDA59B /* NewsTabView.swift */,
				BC3F281727B90F0A00FDA59B /* RetryView.swift */,
				BC3F281927B90FEC00FDA59B /* SearchHistoryListView.swift */,
				BC3F281B27B9100A00FDA59B /* SearchTabView.swift */,
			);
			path = View;
			sourceTree = "<group>";
		};
		BC3F27F627B8FB7A00FDA59B /* Model */ = {
			isa = PBXGroup;
			children = (
				BC3F27F727B8FB8800FDA59B /* Article.swift */,
				BC3F27F927B9004100FDA59B /* NewsResponse.swift */,
				BC3F27FB27B9056100FDA59B /* DataStore.swift */,
				BC3F27FD27B9061900FDA59B /* Category.swift */,
			);
			path = Model;
			sourceTree = "<group>";
		};
		BC3F27FF27B9071200FDA59B /* API */ = {
			isa = PBXGroup;
			children = (
				BC3F280127B9072B00FDA59B /* NewsAPI.swift */,
			);
			path = API;
			sourceTree = "<group>";
		};
		BC3F280327B9094B00FDA59B /* ViewModel */ = {
			isa = PBXGroup;
			children = (
				BC3F280427B9096000FDA59B /* ArticleBookMarkViewModel.swift */,
				BC3F280627B909A800FDA59B /* ArticleNewsViewModel.swift */,
				BC3F280827B909E400FDA59B /* ArticleSearchViewModel.swift */,
			);
			path = ViewModel;
			sourceTree = "<group>";
		};
/* End PBXGroup section */

/* Begin PBXNativeTarget section */
		BC3F27C527B8F9DA00FDA59B /* News */ = {
			isa = PBXNativeTarget;
			buildConfigurationList = BC3F27EA27B8F9DB00FDA59B /* Build configuration list for PBXNativeTarget "News" */;
			buildPhases = (
				BC3F27C227B8F9DA00FDA59B /* Sources */,
				BC3F27C327B8F9DA00FDA59B /* Frameworks */,
				BC3F27C427B8F9DA00FDA59B /* Resources */,
			);
			buildRules = (
			);
			dependencies = (
			);
			name = News;
			productName = News;
			productReference = BC3F27C627B8F9DA00FDA59B /* News.app */;
			productType = "com.apple.product-type.application";
		};
		BC3F27D527B8F9DB00FDA59B /* NewsTests */ = {
			isa = PBXNativeTarget;
			buildConfigurationList = BC3F27ED27B8F9DB00FDA59B /* Build configuration list for PBXNativeTarget "NewsTests" */;
			buildPhases = (
				BC3F27D227B8F9DB00FDA59B /* Sources */,
				BC3F27D327B8F9DB00FDA59B /* Frameworks */,
				BC3F27D427B8F9DB00FDA59B /* Resources */,
			);
			buildRules = (
			);
			dependencies = (
				BC3F27D827B8F9DB00FDA59B /* PBXTargetDependency */,
			);
			name = NewsTests;
			productName = NewsTests;
			productReference = BC3F27D627B8F9DB00FDA59B /* NewsTests.xctest */;
			productType = "com.apple.product-type.bundle.unit-test";
		};
		BC3F27DF27B8F9DB00FDA59B /* NewsUITests */ = {
			isa = PBXNativeTarget;
			buildConfigurationList = BC3F27F027B8F9DB00FDA59B /* Build configuration list for PBXNativeTarget "NewsUITests" */;
			buildPhases = (
				BC3F27DC27B8F9DB00FDA59B /* Sources */,
				BC3F27DD27B8F9DB00FDA59B /* Frameworks */,
				BC3F27DE27B8F9DB00FDA59B /* Resources */,
			);
			buildRules = (
			);
			dependencies = (
				BC3F27E227B8F9DB00FDA59B /* PBXTargetDependency */,
			);
			name = NewsUITests;
			productName = NewsUITests;
			productReference = BC3F27E027B8F9DB00FDA59B /* NewsUITests.xctest */;
			productType = "com.apple.product-type.bundle.ui-testing";
		};
/* End PBXNativeTarget section */

/* Begin PBXProject section */
		BC3F27BE27B8F9DA00FDA59B /* Project object */ = {
			isa = PBXProject;
			attributes = {
				BuildIndependentTargetsInParallel = 1;
				LastSwiftUpdateCheck = 1320;
				LastUpgradeCheck = 1320;
				TargetAttributes = {
					BC3F27C527B8F9DA00FDA59B = {
						CreatedOnToolsVersion = 13.2.1;
					};
					BC3F27D527B8F9DB00FDA59B = {
						CreatedOnToolsVersion = 13.2.1;
						TestTargetID = BC3F27C527B8F9DA00FDA59B;
					};
					BC3F27DF27B8F9DB00FDA59B = {
						CreatedOnToolsVersion = 13.2.1;
						TestTargetID = BC3F27C527B8F9DA00FDA59B;
					};
				};
			};
			buildConfigurationList = BC3F27C127B8F9DA00FDA59B /* Build configuration list for PBXProject "News" */;
			compatibilityVersion = "Xcode 13.0";
			developmentRegion = en;
			hasScannedForEncodings = 0;
			knownRegions = (
				en,
				Base,
			);
			mainGroup = BC3F27BD27B8F9DA00FDA59B;
			productRefGroup = BC3F27C727B8F9DA00FDA59B /* Products */;
			projectDirPath = "";
			projectRoot = "";
			targets = (
				BC3F27C527B8F9DA00FDA59B /* News */,
				BC3F27D527B8F9DB00FDA59B /* NewsTests */,
				BC3F27DF27B8F9DB00FDA59B /* NewsUITests */,
			);
		};
/* End PBXProject section */

/* Begin PBXResourcesBuildPhase section */
		BC3F27C427B8F9DA00FDA59B /* Resources */ = {
			isa = PBXResourcesBuildPhase;
			buildActionMask = 2147483647;
			files = (
				BC3F27D127B8F9DB00FDA59B /* Preview Assets.xcassets in Resources */,
				BC3F27CE27B8F9DB00FDA59B /* Assets.xcassets in Resources */,
				BC3F280D27B90BAC00FDA59B /* news.json in Resources */,
			);
			runOnlyForDeploymentPostprocessing = 0;
		};
		BC3F27D427B8F9DB00FDA59B /* Resources */ = {
			isa = PBXResourcesBuildPhase;
			buildActionMask = 2147483647;
			files = (
			);
			runOnlyForDeploymentPostprocessing = 0;
		};
		BC3F27DE27B8F9DB00FDA59B /* Resources */ = {
			isa = PBXResourcesBuildPhase;
			buildActionMask = 2147483647;
			files = (
			);
			runOnlyForDeploymentPostprocessing = 0;
		};
/* End PBXResourcesBuildPhase section */

/* Begin PBXSourcesBuildPhase section */
		BC3F27C227B8F9DA00FDA59B /* Sources */ = {
			isa = PBXSourcesBuildPhase;
			buildActionMask = 2147483647;
			files = (
				BC3F27F827B8FB8800FDA59B /* Article.swift in Sources */,
				BC3F280527B9096000FDA59B /* ArticleBookMarkViewModel.swift in Sources */,
				BC3F27FC27B9056100FDA59B /* DataStore.swift in Sources */,
				BC3F281627B90EE600FDA59B /* NewsTabView.swift in Sources */,
				BC3F27FA27B9004100FDA59B /* NewsResponse.swift in Sources */,
				BC3F281327B90EC800FDA59B /* EmptyPlaceholderView.swift in Sources */,
				BC3F27CC27B8F9DA00FDA59B /* ContentView.swift in Sources */,
				BC3F280927B909E400FDA59B /* ArticleSearchViewModel.swift in Sources */,
				BC3F281C27B9100A00FDA59B /* SearchTabView.swift in Sources */,
				BC3F281127B90EA900FDA59B /* BookmarkTabView.swift in Sources */,
				BC3F27F527B8FB5800FDA59B /* ArticleListView.swift in Sources */,
				BC3F280727B909A800FDA59B /* ArticleNewsViewModel.swift in Sources */,
				BC3F281827B90F0A00FDA59B /* RetryView.swift in Sources */,
				BC3F281A27B90FEC00FDA59B /* SearchHistoryListView.swift in Sources */,
				BC3F27CA27B8F9DA00FDA59B /* NewsApp.swift in Sources */,
				BC3F27FE27B9061900FDA59B /* Category.swift in Sources */,
				BC3F280F27B90BE900FDA59B /* ArticleRowView.swift in Sources */,
				BC3F280227B9072B00FDA59B /* NewsAPI.swift in Sources */,
			);
			runOnlyForDeploymentPostprocessing = 0;
		};
		BC3F27D227B8F9DB00FDA59B /* Sources */ = {
			isa = PBXSourcesBuildPhase;
			buildActionMask = 2147483647;
			files = (
				BC3F27DB27B8F9DB00FDA59B /* NewsTests.swift in Sources */,
			);
			runOnlyForDeploymentPostprocessing = 0;
		};
		BC3F27DC27B8F9DB00FDA59B /* Sources */ = {
			isa = PBXSourcesBuildPhase;
			buildActionMask = 2147483647;
			files = (
				BC3F27E527B8F9DB00FDA59B /* NewsUITests.swift in Sources */,
				BC3F27E727B8F9DB00FDA59B /* NewsUITestsLaunchTests.swift in Sources */,
			);
			runOnlyForDeploymentPostprocessing = 0;
		};
/* End PBXSourcesBuildPhase section */

/* Begin PBXTargetDependency section */
		BC3F27D827B8F9DB00FDA59B /* PBXTargetDependency */ = {
			isa = PBXTargetDependency;
			target = BC3F27C527B8F9DA00FDA59B /* News */;
			targetProxy = BC3F27D727B8F9DB00FDA59B /* PBXContainerItemProxy */;
		};
		BC3F27E227B8F9DB00FDA59B /* PBXTargetDependency */ = {
			isa = PBXTargetDependency;
			target = BC3F27C527B8F9DA00FDA59B /* News */;
			targetProxy = BC3F27E127B8F9DB00FDA59B /* PBXContainerItemProxy */;
		};
/* End PBXTargetDependency section */

/* Begin XCBuildConfiguration section */
		BC3F27E827B8F9DB00FDA59B /* Debug */ = {
			isa = XCBuildConfiguration;
			buildSettings = {
				ALWAYS_SEARCH_USER_PATHS = NO;
				CLANG_ANALYZER_NONNULL = YES;
				CLANG_ANALYZER_NUMBER_OBJECT_CONVERSION = YES_AGGRESSIVE;
				CLANG_CXX_LANGUAGE_STANDARD = "gnu++17";
				CLANG_CXX_LIBRARY = "libc++";
				CLANG_ENABLE_MODULES = YES;
				CLANG_ENABLE_OBJC_ARC = YES;
				CLANG_ENABLE_OBJC_WEAK = YES;
				CLANG_WARN_BLOCK_CAPTURE_AUTORELEASING = YES;
				CLANG_WARN_BOOL_CONVERSION = YES;
				CLANG_WARN_COMMA = YES;
				CLANG_WARN_CONSTANT_CONVERSION = YES;
				CLANG_WARN_DEPRECATED_OBJC_IMPLEMENTATIONS = YES;
				CLANG_WARN_DIRECT_OBJC_ISA_USAGE = YES_ERROR;
				CLANG_WARN_DOCUMENTATION_COMMENTS = YES;
				CLANG_WARN_EMPTY_BODY = YES;
				CLANG_WARN_ENUM_CONVERSION = YES;
				CLANG_WARN_INFINITE_RECURSION = YES;
				CLANG_WARN_INT_CONVERSION = YES;
				CLANG_WARN_NON_LITERAL_NULL_CONVERSION = YES;
				CLANG_WARN_OBJC_IMPLICIT_RETAIN_SELF = YES;
				CLANG_WARN_OBJC_LITERAL_CONVERSION = YES;
				CLANG_WARN_OBJC_ROOT_CLASS = YES_ERROR;
				CLANG_WARN_QUOTED_INCLUDE_IN_FRAMEWORK_HEADER = YES;
				CLANG_WARN_RANGE_LOOP_ANALYSIS = YES;
				CLANG_WARN_STRICT_PROTOTYPES = YES;
				CLANG_WARN_SUSPICIOUS_MOVE = YES;
				CLANG_WARN_UNGUARDED_AVAILABILITY = YES_AGGRESSIVE;
				CLANG_WARN_UNREACHABLE_CODE = YES;
				CLANG_WARN__DUPLICATE_METHOD_MATCH = YES;
				COPY_PHASE_STRIP = NO;
				DEBUG_INFORMATION_FORMAT = dwarf;
				ENABLE_STRICT_OBJC_MSGSEND = YES;
				ENABLE_TESTABILITY = YES;
				GCC_C_LANGUAGE_STANDARD = gnu11;
				GCC_DYNAMIC_NO_PIC = NO;
				GCC_NO_COMMON_BLOCKS = YES;
				GCC_OPTIMIZATION_LEVEL = 0;
				GCC_PREPROCESSOR_DEFINITIONS = (
					"DEBUG=1",
					"$(inherited)",
				);
				GCC_WARN_64_TO_32_BIT_CONVERSION = YES;
				GCC_WARN_ABOUT_RETURN_TYPE = YES_ERROR;
				GCC_WARN_UNDECLARED_SELECTOR = YES;
				GCC_WARN_UNINITIALIZED_AUTOS = YES_AGGRESSIVE;
				GCC_WARN_UNUSED_FUNCTION = YES;
				GCC_WARN_UNUSED_VARIABLE = YES;
				IPHONEOS_DEPLOYMENT_TARGET = 15.2;
				MTL_ENABLE_DEBUG_INFO = INCLUDE_SOURCE;
				MTL_FAST_MATH = YES;
				ONLY_ACTIVE_ARCH = YES;
				SDKROOT = iphoneos;
				SWIFT_ACTIVE_COMPILATION_CONDITIONS = DEBUG;
				SWIFT_OPTIMIZATION_LEVEL = "-Onone";
			};
			name = Debug;
		};
		BC3F27E927B8F9DB00FDA59B /* Release */ = {
			isa = XCBuildConfiguration;
			buildSettings = {
				ALWAYS_SEARCH_USER_PATHS = NO;
				CLANG_ANALYZER_NONNULL = YES;
				CLANG_ANALYZER_NUMBER_OBJECT_CONVERSION = YES_AGGRESSIVE;
				CLANG_CXX_LANGUAGE_STANDARD = "gnu++17";
				CLANG_CXX_LIBRARY = "libc++";
				CLANG_ENABLE_MODULES = YES;
				CLANG_ENABLE_OBJC_ARC = YES;
				CLANG_ENABLE_OBJC_WEAK = YES;
				CLANG_WARN_BLOCK_CAPTURE_AUTORELEASING = YES;
				CLANG_WARN_BOOL_CONVERSION = YES;
				CLANG_WARN_COMMA = YES;
				CLANG_WARN_CONSTANT_CONVERSION = YES;
				CLANG_WARN_DEPRECATED_OBJC_IMPLEMENTATIONS = YES;
				CLANG_WARN_DIRECT_OBJC_ISA_USAGE = YES_ERROR;
				CLANG_WARN_DOCUMENTATION_COMMENTS = YES;
				CLANG_WARN_EMPTY_BODY = YES;
				CLANG_WARN_ENUM_CONVERSION = YES;
				CLANG_WARN_INFINITE_RECURSION = YES;
				CLANG_WARN_INT_CONVERSION = YES;
				CLANG_WARN_NON_LITERAL_NULL_CONVERSION = YES;
				CLANG_WARN_OBJC_IMPLICIT_RETAIN_SELF = YES;
				CLANG_WARN_OBJC_LITERAL_CONVERSION = YES;
				CLANG_WARN_OBJC_ROOT_CLASS = YES_ERROR;
				CLANG_WARN_QUOTED_INCLUDE_IN_FRAMEWORK_HEADER = YES;
				CLANG_WARN_RANGE_LOOP_ANALYSIS = YES;
				CLANG_WARN_STRICT_PROTOTYPES = YES;
				CLANG_WARN_SUSPICIOUS_MOVE = YES;
				CLANG_WARN_UNGUARDED_AVAILABILITY = YES_AGGRESSIVE;
				CLANG_WARN_UNREACHABLE_CODE = YES;
				CLANG_WARN__DUPLICATE_METHOD_MATCH = YES;
				COPY_PHASE_STRIP = NO;
				DEBUG_INFORMATION_FORMAT = "dwarf-with-dsym";
				ENABLE_NS_ASSERTIONS = NO;
				ENABLE_STRICT_OBJC_MSGSEND = YES;
				GCC_C_LANGUAGE_STANDARD = gnu11;
				GCC_NO_COMMON_BLOCKS = YES;
				GCC_WARN_64_TO_32_BIT_CONVERSION = YES;
				GCC_WARN_ABOUT_RETURN_TYPE = YES_ERROR;
				GCC_WARN_UNDECLARED_SELECTOR = YES;
				GCC_WARN_UNINITIALIZED_AUTOS = YES_AGGRESSIVE;
				GCC_WARN_UNUSED_FUNCTION = YES;
				GCC_WARN_UNUSED_VARIABLE = YES;
				IPHONEOS_DEPLOYMENT_TARGET = 15.2;
				MTL_ENABLE_DEBUG_INFO = NO;
				MTL_FAST_MATH = YES;
				SDKROOT = iphoneos;
				SWIFT_COMPILATION_MODE = wholemodule;
				SWIFT_OPTIMIZATION_LEVEL = "-O";
				VALIDATE_PRODUCT = YES;
			};
			name = Release;
		};
		BC3F27EB27B8F9DB00FDA59B /* Debug */ = {
			isa = XCBuildConfiguration;
			buildSettings = {
				ASSETCATALOG_COMPILER_APPICON_NAME = AppIcon;
				ASSETCATALOG_COMPILER_GLOBAL_ACCENT_COLOR_NAME = AccentColor;
				CODE_SIGN_STYLE = Automatic;
				CURRENT_PROJECT_VERSION = 1;
				DEVELOPMENT_ASSET_PATHS = "\"News/Preview Content\"";
				DEVELOPMENT_TEAM = 4N3Q93SG72;
				ENABLE_PREVIEWS = YES;
				GENERATE_INFOPLIST_FILE = YES;
				INFOPLIST_KEY_UIApplicationSceneManifest_Generation = YES;
				INFOPLIST_KEY_UIApplicationSupportsIndirectInputEvents = YES;
				INFOPLIST_KEY_UILaunchScreen_Generation = YES;
				INFOPLIST_KEY_UISupportedInterfaceOrientations_iPad = "UIInterfaceOrientationPortrait UIInterfaceOrientationPortraitUpsideDown UIInterfaceOrientationLandscapeLeft UIInterfaceOrientationLandscapeRight";
				INFOPLIST_KEY_UISupportedInterfaceOrientations_iPhone = "UIInterfaceOrientationPortrait UIInterfaceOrientationLandscapeLeft UIInterfaceOrientationLandscapeRight";
				LD_RUNPATH_SEARCH_PATHS = (
					"$(inherited)",
					"@executable_path/Frameworks",
				);
				MARKETING_VERSION = 1.0;
				PRODUCT_BUNDLE_IDENTIFIER = cn.phakel.News;
				PRODUCT_NAME = "$(TARGET_NAME)";
				SWIFT_EMIT_LOC_STRINGS = YES;
				SWIFT_VERSION = 5.0;
				TARGETED_DEVICE_FAMILY = "1,2";
			};
			name = Debug;
		};
		BC3F27EC27B8F9DB00FDA59B /* Release */ = {
			isa = XCBuildConfiguration;
			buildSettings = {
				ASSETCATALOG_COMPILER_APPICON_NAME = AppIcon;
				ASSETCATALOG_COMPILER_GLOBAL_ACCENT_COLOR_NAME = AccentColor;
				CODE_SIGN_STYLE = Automatic;
				CURRENT_PROJECT_VERSION = 1;
				DEVELOPMENT_ASSET_PATHS = "\"News/Preview Content\"";
				DEVELOPMENT_TEAM = 4N3Q93SG72;
				ENABLE_PREVIEWS = YES;
				GENERATE_INFOPLIST_FILE = YES;
				INFOPLIST_KEY_UIApplicationSceneManifest_Generation = YES;
				INFOPLIST_KEY_UIApplicationSupportsIndirectInputEvents = YES;
				INFOPLIST_KEY_UILaunchScreen_Generation = YES;
				INFOPLIST_KEY_UISupportedInterfaceOrientations_iPad = "UIInterfaceOrientationPortrait UIInterfaceOrientationPortraitUpsideDown UIInterfaceOrientationLandscapeLeft UIInterfaceOrientationLandscapeRight";
				INFOPLIST_KEY_UISupportedInterfaceOrientations_iPhone = "UIInterfaceOrientationPortrait UIInterfaceOrientationLandscapeLeft UIInterfaceOrientationLandscapeRight";
				LD_RUNPATH_SEARCH_PATHS = (
					"$(inherited)",
					"@executable_path/Frameworks",
				);
				MARKETING_VERSION = 1.0;
				PRODUCT_BUNDLE_IDENTIFIER = cn.phakel.News;
				PRODUCT_NAME = "$(TARGET_NAME)";
				SWIFT_EMIT_LOC_STRINGS = YES;
				SWIFT_VERSION = 5.0;
				TARGETED_DEVICE_FAMILY = "1,2";
			};
			name = Release;
		};
		BC3F27EE27B8F9DB00FDA59B /* Debug */ = {
			isa = XCBuildConfiguration;
			buildSettings = {
				ALWAYS_EMBED_SWIFT_STANDARD_LIBRARIES = YES;
				BUNDLE_LOADER = "$(TEST_HOST)";
				CODE_SIGN_STYLE = Automatic;
				CURRENT_PROJECT_VERSION = 1;
				DEVELOPMENT_TEAM = 4N3Q93SG72;
				GENERATE_INFOPLIST_FILE = YES;
				IPHONEOS_DEPLOYMENT_TARGET = 15.2;
				MARKETING_VERSION = 1.0;
				PRODUCT_BUNDLE_IDENTIFIER = cn.phakel.NewsTests;
				PRODUCT_NAME = "$(TARGET_NAME)";
				SWIFT_EMIT_LOC_STRINGS = NO;
				SWIFT_VERSION = 5.0;
				TARGETED_DEVICE_FAMILY = "1,2";
				TEST_HOST = "$(BUILT_PRODUCTS_DIR)/News.app/News";
			};
			name = Debug;
		};
		BC3F27EF27B8F9DB00FDA59B /* Release */ = {
			isa = XCBuildConfiguration;
			buildSettings = {
				ALWAYS_EMBED_SWIFT_STANDARD_LIBRARIES = YES;
				BUNDLE_LOADER = "$(TEST_HOST)";
				CODE_SIGN_STYLE = Automatic;
				CURRENT_PROJECT_VERSION = 1;
				DEVELOPMENT_TEAM = 4N3Q93SG72;
				GENERATE_INFOPLIST_FILE = YES;
				IPHONEOS_DEPLOYMENT_TARGET = 15.2;
				MARKETING_VERSION = 1.0;
				PRODUCT_BUNDLE_IDENTIFIER = cn.phakel.NewsTests;
				PRODUCT_NAME = "$(TARGET_NAME)";
				SWIFT_EMIT_LOC_STRINGS = NO;
				SWIFT_VERSION = 5.0;
				TARGETED_DEVICE_FAMILY = "1,2";
				TEST_HOST = "$(BUILT_PRODUCTS_DIR)/News.app/News";
			};
			name = Release;
		};
		BC3F27F127B8F9DB00FDA59B /* Debug */ = {
			isa = XCBuildConfiguration;
			buildSettings = {
				ALWAYS_EMBED_SWIFT_STANDARD_LIBRARIES = YES;
				CODE_SIGN_STYLE = Automatic;
				CURRENT_PROJECT_VERSION = 1;
				DEVELOPMENT_TEAM = 4N3Q93SG72;
				GENERATE_INFOPLIST_FILE = YES;
				MARKETING_VERSION = 1.0;
				PRODUCT_BUNDLE_IDENTIFIER = cn.phakel.NewsUITests;
				PRODUCT_NAME = "$(TARGET_NAME)";
				SWIFT_EMIT_LOC_STRINGS = NO;
				SWIFT_VERSION = 5.0;
				TARGETED_DEVICE_FAMILY = "1,2";
				TEST_TARGET_NAME = News;
			};
			name = Debug;
		};
		BC3F27F227B8F9DB00FDA59B /* Release */ = {
			isa = XCBuildConfiguration;
			buildSettings = {
				ALWAYS_EMBED_SWIFT_STANDARD_LIBRARIES = YES;
				CODE_SIGN_STYLE = Automatic;
				CURRENT_PROJECT_VERSION = 1;
				DEVELOPMENT_TEAM = 4N3Q93SG72;
				GENERATE_INFOPLIST_FILE = YES;
				MARKETING_VERSION = 1.0;
				PRODUCT_BUNDLE_IDENTIFIER = cn.phakel.NewsUITests;
				PRODUCT_NAME = "$(TARGET_NAME)";
				SWIFT_EMIT_LOC_STRINGS = NO;
				SWIFT_VERSION = 5.0;
				TARGETED_DEVICE_FAMILY = "1,2";
				TEST_TARGET_NAME = News;
			};
			name = Release;
		};
/* End XCBuildConfiguration section */

/* Begin XCConfigurationList section */
		BC3F27C127B8F9DA00FDA59B /* Build configuration list for PBXProject "News" */ = {
			isa = XCConfigurationList;
			buildConfigurations = (
				BC3F27E827B8F9DB00FDA59B /* Debug */,
				BC3F27E927B8F9DB00FDA59B /* Release */,
			);
			defaultConfigurationIsVisible = 0;
			defaultConfigurationName = Release;
		};
		BC3F27EA27B8F9DB00FDA59B /* Build configuration list for PBXNativeTarget "News" */ = {
			isa = XCConfigurationList;
			buildConfigurations = (
				BC3F27EB27B8F9DB00FDA59B /* Debug */,
				BC3F27EC27B8F9DB00FDA59B /* Release */,
			);
			defaultConfigurationIsVisible = 0;
			defaultConfigurationName = Release;
		};
		BC3F27ED27B8F9DB00FDA59B /* Build configuration list for PBXNativeTarget "NewsTests" */ = {
			isa = XCConfigurationList;
			buildConfigurations = (
				BC3F27EE27B8F9DB00FDA59B /* Debug */,
				BC3F27EF27B8F9DB00FDA59B /* Release */,
			);
			defaultConfigurationIsVisible = 0;
			defaultConfigurationName = Release;
		};
		BC3F27F027B8F9DB00FDA59B /* Build configuration list for PBXNativeTarget "NewsUITests" */ = {
			isa = XCConfigurationList;
			buildConfigurations = (
				BC3F27F127B8F9DB00FDA59B /* Debug */,
				BC3F27F227B8F9DB00FDA59B /* Release */,
			);
			defaultConfigurationIsVisible = 0;
			defaultConfigurationName = Release;
		};
/* End XCConfigurationList section */
	};
	rootObject = BC3F27BE27B8F9DA00FDA59B /* Project object */;
}
